// !$*UTF8*$!
{
	archiveVersion = 1;
	classes = {
	};
	objectVersion = 50;
	objects = {

/* Begin PBXBuildFile section */
		1393E73826B98EC3008A1E32 /* AppDelegate.swift in Sources */ = {isa = PBXBuildFile; fileRef = 1393E73726B98EC3008A1E32 /* AppDelegate.swift */; };
		1393E73A26B98EC3008A1E32 /* SceneDelegate.swift in Sources */ = {isa = PBXBuildFile; fileRef = 1393E73926B98EC3008A1E32 /* SceneDelegate.swift */; };
		1393E73C26B98EC3008A1E32 /* ViewController.swift in Sources */ = {isa = PBXBuildFile; fileRef = 1393E73B26B98EC3008A1E32 /* ViewController.swift */; };
		1393E73F26B98EC3008A1E32 /* Main.storyboard in Resources */ = {isa = PBXBuildFile; fileRef = 1393E73D26B98EC3008A1E32 /* Main.storyboard */; };
		1393E74226B98EC3008A1E32 /* GitHub_Wave4_Lesson.xcdatamodeld in Sources */ = {isa = PBXBuildFile; fileRef = 1393E74026B98EC3008A1E32 /* GitHub_Wave4_Lesson.xcdatamodeld */; };
		1393E74426B98ECA008A1E32 /* Assets.xcassets in Resources */ = {isa = PBXBuildFile; fileRef = 1393E74326B98ECA008A1E32 /* Assets.xcassets */; };
		1393E74726B98ECA008A1E32 /* LaunchScreen.storyboard in Resources */ = {isa = PBXBuildFile; fileRef = 1393E74526B98ECA008A1E32 /* LaunchScreen.storyboard */; };
		1393E75226B98ECB008A1E32 /* GitHub_Wave4_LessonTests.swift in Sources */ = {isa = PBXBuildFile; fileRef = 1393E75126B98ECB008A1E32 /* GitHub_Wave4_LessonTests.swift */; };
		1393E75D26B98ECB008A1E32 /* GitHub_Wave4_LessonUITests.swift in Sources */ = {isa = PBXBuildFile; fileRef = 1393E75C26B98ECB008A1E32 /* GitHub_Wave4_LessonUITests.swift */; };
/* End PBXBuildFile section */

/* Begin PBXContainerItemProxy section */
		1393E74E26B98ECB008A1E32 /* PBXContainerItemProxy */ = {
			isa = PBXContainerItemProxy;
			containerPortal = 1393E72C26B98EC3008A1E32 /* Project object */;
			proxyType = 1;
			remoteGlobalIDString = 1393E73326B98EC3008A1E32;
			remoteInfo = GitHub_Wave4_Lesson;
		};
		1393E75926B98ECB008A1E32 /* PBXContainerItemProxy */ = {
			isa = PBXContainerItemProxy;
			containerPortal = 1393E72C26B98EC3008A1E32 /* Project object */;
			proxyType = 1;
			remoteGlobalIDString = 1393E73326B98EC3008A1E32;
			remoteInfo = GitHub_Wave4_Lesson;
		};
/* End PBXContainerItemProxy section */

/* Begin PBXFileReference section */
		1393E73426B98EC3008A1E32 /* GitHub_Wave4_Lesson.app */ = {isa = PBXFileReference; explicitFileType = wrapper.application; includeInIndex = 0; path = GitHub_Wave4_Lesson.app; sourceTree = BUILT_PRODUCTS_DIR; };
		1393E73726B98EC3008A1E32 /* AppDelegate.swift */ = {isa = PBXFileReference; lastKnownFileType = sourcecode.swift; path = AppDelegate.swift; sourceTree = "<group>"; };
		1393E73926B98EC3008A1E32 /* SceneDelegate.swift */ = {isa = PBXFileReference; lastKnownFileType = sourcecode.swift; path = SceneDelegate.swift; sourceTree = "<group>"; };
		1393E73B26B98EC3008A1E32 /* ViewController.swift */ = {isa = PBXFileReference; lastKnownFileType = sourcecode.swift; path = ViewController.swift; sourceTree = "<group>"; };
		1393E73E26B98EC3008A1E32 /* Base */ = {isa = PBXFileReference; lastKnownFileType = file.storyboard; name = Base; path = Base.lproj/Main.storyboard; sourceTree = "<group>"; };
		1393E74126B98EC3008A1E32 /* GitHub_Wave4_Lesson.xcdatamodel */ = {isa = PBXFileReference; lastKnownFileType = wrapper.xcdatamodel; path = GitHub_Wave4_Lesson.xcdatamodel; sourceTree = "<group>"; };
		1393E74326B98ECA008A1E32 /* Assets.xcassets */ = {isa = PBXFileReference; lastKnownFileType = folder.assetcatalog; path = Assets.xcassets; sourceTree = "<group>"; };
		1393E74626B98ECA008A1E32 /* Base */ = {isa = PBXFileReference; lastKnownFileType = file.storyboard; name = Base; path = Base.lproj/LaunchScreen.storyboard; sourceTree = "<group>"; };
		1393E74826B98ECA008A1E32 /* Info.plist */ = {isa = PBXFileReference; lastKnownFileType = text.plist.xml; path = Info.plist; sourceTree = "<group>"; };
		1393E74D26B98ECB008A1E32 /* GitHub_Wave4_LessonTests.xctest */ = {isa = PBXFileReference; explicitFileType = wrapper.cfbundle; includeInIndex = 0; path = GitHub_Wave4_LessonTests.xctest; sourceTree = BUILT_PRODUCTS_DIR; };
		1393E75126B98ECB008A1E32 /* GitHub_Wave4_LessonTests.swift */ = {isa = PBXFileReference; lastKnownFileType = sourcecode.swift; path = GitHub_Wave4_LessonTests.swift; sourceTree = "<group>"; };
		1393E75326B98ECB008A1E32 /* Info.plist */ = {isa = PBXFileReference; lastKnownFileType = text.plist.xml; path = Info.plist; sourceTree = "<group>"; };
		1393E75826B98ECB008A1E32 /* GitHub_Wave4_LessonUITests.xctest */ = {isa = PBXFileReference; explicitFileType = wrapper.cfbundle; includeInIndex = 0; path = GitHub_Wave4_LessonUITests.xctest; sourceTree = BUILT_PRODUCTS_DIR; };
		1393E75C26B98ECB008A1E32 /* GitHub_Wave4_LessonUITests.swift */ = {isa = PBXFileReference; lastKnownFileType = sourcecode.swift; path = GitHub_Wave4_LessonUITests.swift; sourceTree = "<group>"; };
		1393E75E26B98ECB008A1E32 /* Info.plist */ = {isa = PBXFileReference; lastKnownFileType = text.plist.xml; path = Info.plist; sourceTree = "<group>"; };
/* End PBXFileReference section */

/* Begin PBXFrameworksBuildPhase section */
		1393E73126B98EC3008A1E32 /* Frameworks */ = {
			isa = PBXFrameworksBuildPhase;
			buildActionMask = 2147483647;
			files = (
			);
			runOnlyForDeploymentPostprocessing = 0;
		};
		1393E74A26B98ECB008A1E32 /* Frameworks */ = {
			isa = PBXFrameworksBuildPhase;
			buildActionMask = 2147483647;
			files = (
			);
			runOnlyForDeploymentPostprocessing = 0;
		};
		1393E75526B98ECB008A1E32 /* Frameworks */ = {
			isa = PBXFrameworksBuildPhase;
			buildActionMask = 2147483647;
			files = (
			);
			runOnlyForDeploymentPostprocessing = 0;
		};
/* End PBXFrameworksBuildPhase section */

/* Begin PBXGroup section */
		1393E72B26B98EC3008A1E32 = {
			isa = PBXGroup;
			children = (
				1393E73626B98EC3008A1E32 /* GitHub_Wave4_Lesson */,
				1393E75026B98ECB008A1E32 /* GitHub_Wave4_LessonTests */,
				1393E75B26B98ECB008A1E32 /* GitHub_Wave4_LessonUITests */,
				1393E73526B98EC3008A1E32 /* Products */,
			);
			sourceTree = "<group>";
		};
		1393E73526B98EC3008A1E32 /* Products */ = {
			isa = PBXGroup;
			children = (
				1393E73426B98EC3008A1E32 /* GitHub_Wave4_Lesson.app */,
				1393E74D26B98ECB008A1E32 /* GitHub_Wave4_LessonTests.xctest */,
				1393E75826B98ECB008A1E32 /* GitHub_Wave4_LessonUITests.xctest */,
			);
			name = Products;
			sourceTree = "<group>";
		};
		1393E73626B98EC3008A1E32 /* GitHub_Wave4_Lesson */ = {
			isa = PBXGroup;
			children = (
				1393E73726B98EC3008A1E32 /* AppDelegate.swift */,
				1393E73926B98EC3008A1E32 /* SceneDelegate.swift */,
				1393E73B26B98EC3008A1E32 /* ViewController.swift */,
				1393E73D26B98EC3008A1E32 /* Main.storyboard */,
				1393E74326B98ECA008A1E32 /* Assets.xcassets */,
				1393E74526B98ECA008A1E32 /* LaunchScreen.storyboard */,
				1393E74826B98ECA008A1E32 /* Info.plist */,
				1393E74026B98EC3008A1E32 /* GitHub_Wave4_Lesson.xcdatamodeld */,
			);
			path = GitHub_Wave4_Lesson;
			sourceTree = "<group>";
		};
		1393E75026B98ECB008A1E32 /* GitHub_Wave4_LessonTests */ = {
			isa = PBXGroup;
			children = (
				1393E75126B98ECB008A1E32 /* GitHub_Wave4_LessonTests.swift */,
				1393E75326B98ECB008A1E32 /* Info.plist */,
			);
			path = GitHub_Wave4_LessonTests;
			sourceTree = "<group>";
		};
		1393E75B26B98ECB008A1E32 /* GitHub_Wave4_LessonUITests */ = {
			isa = PBXGroup;
			children = (
				1393E75C26B98ECB008A1E32 /* GitHub_Wave4_LessonUITests.swift */,
				1393E75E26B98ECB008A1E32 /* Info.plist */,
			);
			path = GitHub_Wave4_LessonUITests;
			sourceTree = "<group>";
		};
/* End PBXGroup section */

/* Begin PBXNativeTarget section */
		1393E73326B98EC3008A1E32 /* GitHub_Wave4_Lesson */ = {
			isa = PBXNativeTarget;
			buildConfigurationList = 1393E76126B98ECB008A1E32 /* Build configuration list for PBXNativeTarget "GitHub_Wave4_Lesson" */;
			buildPhases = (
				1393E73026B98EC3008A1E32 /* Sources */,
				1393E73126B98EC3008A1E32 /* Frameworks */,
				1393E73226B98EC3008A1E32 /* Resources */,
			);
			buildRules = (
			);
			dependencies = (
			);
			name = GitHub_Wave4_Lesson;
			productName = GitHub_Wave4_Lesson;
			productReference = 1393E73426B98EC3008A1E32 /* GitHub_Wave4_Lesson.app */;
			productType = "com.apple.product-type.application";
		};
		1393E74C26B98ECB008A1E32 /* GitHub_Wave4_LessonTests */ = {
			isa = PBXNativeTarget;
			buildConfigurationList = 1393E76426B98ECB008A1E32 /* Build configuration list for PBXNativeTarget "GitHub_Wave4_LessonTests" */;
			buildPhases = (
				1393E74926B98ECB008A1E32 /* Sources */,
				1393E74A26B98ECB008A1E32 /* Frameworks */,
				1393E74B26B98ECB008A1E32 /* Resources */,
			);
			buildRules = (
			);
			dependencies = (
				1393E74F26B98ECB008A1E32 /* PBXTargetDependency */,
			);
			name = GitHub_Wave4_LessonTests;
			productName = GitHub_Wave4_LessonTests;
			productReference = 1393E74D26B98ECB008A1E32 /* GitHub_Wave4_LessonTests.xctest */;
			productType = "com.apple.product-type.bundle.unit-test";
		};
		1393E75726B98ECB008A1E32 /* GitHub_Wave4_LessonUITests */ = {
			isa = PBXNativeTarget;
			buildConfigurationList = 1393E76726B98ECB008A1E32 /* Build configuration list for PBXNativeTarget "GitHub_Wave4_LessonUITests" */;
			buildPhases = (
				1393E75426B98ECB008A1E32 /* Sources */,
				1393E75526B98ECB008A1E32 /* Frameworks */,
				1393E75626B98ECB008A1E32 /* Resources */,
			);
			buildRules = (
			);
			dependencies = (
				1393E75A26B98ECB008A1E32 /* PBXTargetDependency */,
			);
			name = GitHub_Wave4_LessonUITests;
			productName = GitHub_Wave4_LessonUITests;
			productReference = 1393E75826B98ECB008A1E32 /* GitHub_Wave4_LessonUITests.xctest */;
			productType = "com.apple.product-type.bundle.ui-testing";
		};
/* End PBXNativeTarget section */

/* Begin PBXProject section */
		1393E72C26B98EC3008A1E32 /* Project object */ = {
			isa = PBXProject;
			attributes = {
				LastSwiftUpdateCheck = 1210;
				LastUpgradeCheck = 1210;
				TargetAttributes = {
					1393E73326B98EC3008A1E32 = {
						CreatedOnToolsVersion = 12.1;
					};
					1393E74C26B98ECB008A1E32 = {
						CreatedOnToolsVersion = 12.1;
						TestTargetID = 1393E73326B98EC3008A1E32;
					};
					1393E75726B98ECB008A1E32 = {
						CreatedOnToolsVersion = 12.1;
						TestTargetID = 1393E73326B98EC3008A1E32;
					};
				};
			};
			buildConfigurationList = 1393E72F26B98EC3008A1E32 /* Build configuration list for PBXProject "GitHub_Wave4_Lesson" */;
			compatibilityVersion = "Xcode 9.3";
			developmentRegion = en;
			hasScannedForEncodings = 0;
			knownRegions = (
				en,
				Base,
			);
			mainGroup = 1393E72B26B98EC3008A1E32;
			productRefGroup = 1393E73526B98EC3008A1E32 /* Products */;
			projectDirPath = "";
			projectRoot = "";
			targets = (
				1393E73326B98EC3008A1E32 /* GitHub_Wave4_Lesson */,
				1393E74C26B98ECB008A1E32 /* GitHub_Wave4_LessonTests */,
				1393E75726B98ECB008A1E32 /* GitHub_Wave4_LessonUITests */,
			);
		};
/* End PBXProject section */

/* Begin PBXResourcesBuildPhase section */
		1393E73226B98EC3008A1E32 /* Resources */ = {
			isa = PBXResourcesBuildPhase;
			buildActionMask = 2147483647;
			files = (
				1393E74726B98ECA008A1E32 /* LaunchScreen.storyboard in Resources */,
				1393E74426B98ECA008A1E32 /* Assets.xcassets in Resources */,
				1393E73F26B98EC3008A1E32 /* Main.storyboard in Resources */,
			);
			runOnlyForDeploymentPostprocessing = 0;
		};
		1393E74B26B98ECB008A1E32 /* Resources */ = {
			isa = PBXResourcesBuildPhase;
			buildActionMask = 2147483647;
			files = (
			);
			runOnlyForDeploymentPostprocessing = 0;
		};
		1393E75626B98ECB008A1E32 /* Resources */ = {
			isa = PBXResourcesBuildPhase;
			buildActionMask = 2147483647;
			files = (
			);
			runOnlyForDeploymentPostprocessing = 0;
		};
/* End PBXResourcesBuildPhase section */

/* Begin PBXSourcesBuildPhase section */
		1393E73026B98EC3008A1E32 /* Sources */ = {
			isa = PBXSourcesBuildPhase;
			buildActionMask = 2147483647;
			files = (
				1393E74226B98EC3008A1E32 /* GitHub_Wave4_Lesson.xcdatamodeld in Sources */,
				1393E73C26B98EC3008A1E32 /* ViewController.swift in Sources */,
				1393E73826B98EC3008A1E32 /* AppDelegate.swift in Sources */,
				1393E73A26B98EC3008A1E32 /* SceneDelegate.swift in Sources */,
			);
			runOnlyForDeploymentPostprocessing = 0;
		};
		1393E74926B98ECB008A1E32 /* Sources */ = {
			isa = PBXSourcesBuildPhase;
			buildActionMask = 2147483647;
			files = (
				1393E75226B98ECB008A1E32 /* GitHub_Wave4_LessonTests.swift in Sources */,
			);
			runOnlyForDeploymentPostprocessing = 0;
		};
		1393E75426B98ECB008A1E32 /* Sources */ = {
			isa = PBXSourcesBuildPhase;
			buildActionMask = 2147483647;
			files = (
				1393E75D26B98ECB008A1E32 /* GitHub_Wave4_LessonUITests.swift in Sources */,
			);
			runOnlyForDeploymentPostprocessing = 0;
		};
/* End PBXSourcesBuildPhase section */

/* Begin PBXTargetDependency section */
		1393E74F26B98ECB008A1E32 /* PBXTargetDependency */ = {
			isa = PBXTargetDependency;
			target = 1393E73326B98EC3008A1E32 /* GitHub_Wave4_Lesson */;
			targetProxy = 1393E74E26B98ECB008A1E32 /* PBXContainerItemProxy */;
		};
		1393E75A26B98ECB008A1E32 /* PBXTargetDependency */ = {
			isa = PBXTargetDependency;
			target = 1393E73326B98EC3008A1E32 /* GitHub_Wave4_Lesson */;
			targetProxy = 1393E75926B98ECB008A1E32 /* PBXContainerItemProxy */;
		};
/* End PBXTargetDependency section */

/* Begin PBXVariantGroup section */
		1393E73D26B98EC3008A1E32 /* Main.storyboard */ = {
			isa = PBXVariantGroup;
			children = (
				1393E73E26B98EC3008A1E32 /* Base */,
			);
			name = Main.storyboard;
			sourceTree = "<group>";
		};
		1393E74526B98ECA008A1E32 /* LaunchScreen.storyboard */ = {
			isa = PBXVariantGroup;
			children = (
				1393E74626B98ECA008A1E32 /* Base */,
			);
			name = LaunchScreen.storyboard;
			sourceTree = "<group>";
		};
/* End PBXVariantGroup section */

/* Begin XCBuildConfiguration section */
		1393E75F26B98ECB008A1E32 /* Debug */ = {
			isa = XCBuildConfiguration;
			buildSettings = {
				ALWAYS_SEARCH_USER_PATHS = NO;
				CLANG_ANALYZER_NONNULL = YES;
				CLANG_ANALYZER_NUMBER_OBJECT_CONVERSION = YES_AGGRESSIVE;
				CLANG_CXX_LANGUAGE_STANDARD = "gnu++14";
				CLANG_CXX_LIBRARY = "libc++";
				CLANG_ENABLE_MODULES = YES;
				CLANG_ENABLE_OBJC_ARC = YES;
				CLANG_ENABLE_OBJC_WEAK = YES;
				CLANG_WARN_BLOCK_CAPTURE_AUTORELEASING = YES;
				CLANG_WARN_BOOL_CONVERSION = YES;
				CLANG_WARN_COMMA = YES;
				CLANG_WARN_CONSTANT_CONVERSION = YES;
				CLANG_WARN_DEPRECATED_OBJC_IMPLEMENTATIONS = YES;
				CLANG_WARN_DIRECT_OBJC_ISA_USAGE = YES_ERROR;
				CLANG_WARN_DOCUMENTATION_COMMENTS = YES;
				CLANG_WARN_EMPTY_BODY = YES;
				CLANG_WARN_ENUM_CONVERSION = YES;
				CLANG_WARN_INFINITE_RECURSION = YES;
				CLANG_WARN_INT_CONVERSION = YES;
				CLANG_WARN_NON_LITERAL_NULL_CONVERSION = YES;
				CLANG_WARN_OBJC_IMPLICIT_RETAIN_SELF = YES;
				CLANG_WARN_OBJC_LITERAL_CONVERSION = YES;
				CLANG_WARN_OBJC_ROOT_CLASS = YES_ERROR;
				CLANG_WARN_QUOTED_INCLUDE_IN_FRAMEWORK_HEADER = YES;
				CLANG_WARN_RANGE_LOOP_ANALYSIS = YES;
				CLANG_WARN_STRICT_PROTOTYPES = YES;
				CLANG_WARN_SUSPICIOUS_MOVE = YES;
				CLANG_WARN_UNGUARDED_AVAILABILITY = YES_AGGRESSIVE;
				CLANG_WARN_UNREACHABLE_CODE = YES;
				CLANG_WARN__DUPLICATE_METHOD_MATCH = YES;
				COPY_PHASE_STRIP = NO;
				DEBUG_INFORMATION_FORMAT = dwarf;
				ENABLE_STRICT_OBJC_MSGSEND = YES;
				ENABLE_TESTABILITY = YES;
				GCC_C_LANGUAGE_STANDARD = gnu11;
				GCC_DYNAMIC_NO_PIC = NO;
				GCC_NO_COMMON_BLOCKS = YES;
				GCC_OPTIMIZATION_LEVEL = 0;
				GCC_PREPROCESSOR_DEFINITIONS = (
					"DEBUG=1",
					"$(inherited)",
				);
				GCC_WARN_64_TO_32_BIT_CONVERSION = YES;
				GCC_WARN_ABOUT_RETURN_TYPE = YES_ERROR;
				GCC_WARN_UNDECLARED_SELECTOR = YES;
				GCC_WARN_UNINITIALIZED_AUTOS = YES_AGGRESSIVE;
				GCC_WARN_UNUSED_FUNCTION = YES;
				GCC_WARN_UNUSED_VARIABLE = YES;
				IPHONEOS_DEPLOYMENT_TARGET = 14.1;
				MTL_ENABLE_DEBUG_INFO = INCLUDE_SOURCE;
				MTL_FAST_MATH = YES;
				ONLY_ACTIVE_ARCH = YES;
				SDKROOT = iphoneos;
				SWIFT_ACTIVE_COMPILATION_CONDITIONS = DEBUG;
				SWIFT_OPTIMIZATION_LEVEL = "-Onone";
			};
			name = Debug;
		};
		1393E76026B98ECB008A1E32 /* Release */ = {
			isa = XCBuildConfiguration;
			buildSettings = {
				ALWAYS_SEARCH_USER_PATHS = NO;
				CLANG_ANALYZER_NONNULL = YES;
				CLANG_ANALYZER_NUMBER_OBJECT_CONVERSION = YES_AGGRESSIVE;
				CLANG_CXX_LANGUAGE_STANDARD = "gnu++14";
				CLANG_CXX_LIBRARY = "libc++";
				CLANG_ENABLE_MODULES = YES;
				CLANG_ENABLE_OBJC_ARC = YES;
				CLANG_ENABLE_OBJC_WEAK = YES;
				CLANG_WARN_BLOCK_CAPTURE_AUTORELEASING = YES;
				CLANG_WARN_BOOL_CONVERSION = YES;
				CLANG_WARN_COMMA = YES;
				CLANG_WARN_CONSTANT_CONVERSION = YES;
				CLANG_WARN_DEPRECATED_OBJC_IMPLEMENTATIONS = YES;
				CLANG_WARN_DIRECT_OBJC_ISA_USAGE = YES_ERROR;
				CLANG_WARN_DOCUMENTATION_COMMENTS = YES;
				CLANG_WARN_EMPTY_BODY = YES;
				CLANG_WARN_ENUM_CONVERSION = YES;
				CLANG_WARN_INFINITE_RECURSION = YES;
				CLANG_WARN_INT_CONVERSION = YES;
				CLANG_WARN_NON_LITERAL_NULL_CONVERSION = YES;
				CLANG_WARN_OBJC_IMPLICIT_RETAIN_SELF = YES;
				CLANG_WARN_OBJC_LITERAL_CONVERSION = YES;
				CLANG_WARN_OBJC_ROOT_CLASS = YES_ERROR;
				CLANG_WARN_QUOTED_INCLUDE_IN_FRAMEWORK_HEADER = YES;
				CLANG_WARN_RANGE_LOOP_ANALYSIS = YES;
				CLANG_WARN_STRICT_PROTOTYPES = YES;
				CLANG_WARN_SUSPICIOUS_MOVE = YES;
				CLANG_WARN_UNGUARDED_AVAILABILITY = YES_AGGRESSIVE;
				CLANG_WARN_UNREACHABLE_CODE = YES;
				CLANG_WARN__DUPLICATE_METHOD_MATCH = YES;
				COPY_PHASE_STRIP = NO;
				DEBUG_INFORMATION_FORMAT = "dwarf-with-dsym";
				ENABLE_NS_ASSERTIONS = NO;
				ENABLE_STRICT_OBJC_MSGSEND = YES;
				GCC_C_LANGUAGE_STANDARD = gnu11;
				GCC_NO_COMMON_BLOCKS = YES;
				GCC_WARN_64_TO_32_BIT_CONVERSION = YES;
				GCC_WARN_ABOUT_RETURN_TYPE = YES_ERROR;
				GCC_WARN_UNDECLARED_SELECTOR = YES;
				GCC_WARN_UNINITIALIZED_AUTOS = YES_AGGRESSIVE;
				GCC_WARN_UNUSED_FUNCTION = YES;
				GCC_WARN_UNUSED_VARIABLE = YES;
				IPHONEOS_DEPLOYMENT_TARGET = 14.1;
				MTL_ENABLE_DEBUG_INFO = NO;
				MTL_FAST_MATH = YES;
				SDKROOT = iphoneos;
				SWIFT_COMPILATION_MODE = wholemodule;
				SWIFT_OPTIMIZATION_LEVEL = "-O";
				VALIDATE_PRODUCT = YES;
			};
			name = Release;
		};
		1393E76226B98ECB008A1E32 /* Debug */ = {
			isa = XCBuildConfiguration;
			buildSettings = {
				ASSETCATALOG_COMPILER_APPICON_NAME = AppIcon;
				ASSETCATALOG_COMPILER_GLOBAL_ACCENT_COLOR_NAME = AccentColor;
				CODE_SIGN_STYLE = Automatic;
				INFOPLIST_FILE = GitHub_Wave4_Lesson/Info.plist;
				LD_RUNPATH_SEARCH_PATHS = (
					"$(inherited)",
					"@executable_path/Frameworks",
				);
				PRODUCT_BUNDLE_IDENTIFIER = "KWK.GitHub-Wave4-Lesson";
				PRODUCT_NAME = "$(TARGET_NAME)";
				SWIFT_VERSION = 5.0;
				TARGETED_DEVICE_FAMILY = "1,2";
			};
			name = Debug;
		};
		1393E76326B98ECB008A1E32 /* Release */ = {
			isa = XCBuildConfiguration;
			buildSettings = {
				ASSETCATALOG_COMPILER_APPICON_NAME = AppIcon;
				ASSETCATALOG_COMPILER_GLOBAL_ACCENT_COLOR_NAME = AccentColor;
				CODE_SIGN_STYLE = Automatic;
				INFOPLIST_FILE = GitHub_Wave4_Lesson/Info.plist;
				LD_RUNPATH_SEARCH_PATHS = (
					"$(inherited)",
					"@executable_path/Frameworks",
				);
				PRODUCT_BUNDLE_IDENTIFIER = "KWK.GitHub-Wave4-Lesson";
				PRODUCT_NAME = "$(TARGET_NAME)";
				SWIFT_VERSION = 5.0;
				TARGETED_DEVICE_FAMILY = "1,2";
			};
			name = Release;
		};
		1393E76526B98ECB008A1E32 /* Debug */ = {
			isa = XCBuildConfiguration;
			buildSettings = {
				ALWAYS_EMBED_SWIFT_STANDARD_LIBRARIES = YES;
				BUNDLE_LOADER = "$(TEST_HOST)";
				CODE_SIGN_STYLE = Automatic;
				INFOPLIST_FILE = GitHub_Wave4_LessonTests/Info.plist;
				IPHONEOS_DEPLOYMENT_TARGET = 14.1;
				LD_RUNPATH_SEARCH_PATHS = (
					"$(inherited)",
					"@executable_path/Frameworks",
					"@loader_path/Frameworks",
				);
				PRODUCT_BUNDLE_IDENTIFIER = "KWK.GitHub-Wave4-LessonTests";
				PRODUCT_NAME = "$(TARGET_NAME)";
				SWIFT_VERSION = 5.0;
				TARGETED_DEVICE_FAMILY = "1,2";
				TEST_HOST = "$(BUILT_PRODUCTS_DIR)/GitHub_Wave4_Lesson.app/GitHub_Wave4_Lesson";
			};
			name = Debug;
		};
		1393E76626B98ECB008A1E32 /* Release */ = {
			isa = XCBuildConfiguration;
			buildSettings = {
				ALWAYS_EMBED_SWIFT_STANDARD_LIBRARIES = YES;
				BUNDLE_LOADER = "$(TEST_HOST)";
				CODE_SIGN_STYLE = Automatic;
				INFOPLIST_FILE = GitHub_Wave4_LessonTests/Info.plist;
				IPHONEOS_DEPLOYMENT_TARGET = 14.1;
				LD_RUNPATH_SEARCH_PATHS = (
					"$(inherited)",
					"@executable_path/Frameworks",
					"@loader_path/Frameworks",
				);
				PRODUCT_BUNDLE_IDENTIFIER = "KWK.GitHub-Wave4-LessonTests";
				PRODUCT_NAME = "$(TARGET_NAME)";
				SWIFT_VERSION = 5.0;
				TARGETED_DEVICE_FAMILY = "1,2";
				TEST_HOST = "$(BUILT_PRODUCTS_DIR)/GitHub_Wave4_Lesson.app/GitHub_Wave4_Lesson";
			};
			name = Release;
		};
		1393E76826B98ECB008A1E32 /* Debug */ = {
			isa = XCBuildConfiguration;
			buildSettings = {
				ALWAYS_EMBED_SWIFT_STANDARD_LIBRARIES = YES;
				CODE_SIGN_STYLE = Automatic;
				INFOPLIST_FILE = GitHub_Wave4_LessonUITests/Info.plist;
				LD_RUNPATH_SEARCH_PATHS = (
					"$(inherited)",
					"@executable_path/Frameworks",
					"@loader_path/Frameworks",
				);
				PRODUCT_BUNDLE_IDENTIFIER = "KWK.GitHub-Wave4-LessonUITests";
				PRODUCT_NAME = "$(TARGET_NAME)";
				SWIFT_VERSION = 5.0;
				TARGETED_DEVICE_FAMILY = "1,2";
				TEST_TARGET_NAME = GitHub_Wave4_Lesson;
			};
			name = Debug;
		};
		1393E76926B98ECB008A1E32 /* Release */ = {
			isa = XCBuildConfiguration;
			buildSettings = {
				ALWAYS_EMBED_SWIFT_STANDARD_LIBRARIES = YES;
				CODE_SIGN_STYLE = Automatic;
				INFOPLIST_FILE = GitHub_Wave4_LessonUITests/Info.plist;
				LD_RUNPATH_SEARCH_PATHS = (
					"$(inherited)",
					"@executable_path/Frameworks",
					"@loader_path/Frameworks",
				);
				PRODUCT_BUNDLE_IDENTIFIER = "KWK.GitHub-Wave4-LessonUITests";
				PRODUCT_NAME = "$(TARGET_NAME)";
				SWIFT_VERSION = 5.0;
				TARGETED_DEVICE_FAMILY = "1,2";
				TEST_TARGET_NAME = GitHub_Wave4_Lesson;
			};
			name = Release;
		};
/* End XCBuildConfiguration section */

/* Begin XCConfigurationList section */
		1393E72F26B98EC3008A1E32 /* Build configuration list for PBXProject "GitHub_Wave4_Lesson" */ = {
			isa = XCConfigurationList;
			buildConfigurations = (
				1393E75F26B98ECB008A1E32 /* Debug */,
				1393E76026B98ECB008A1E32 /* Release */,
			);
			defaultConfigurationIsVisible = 0;
			defaultConfigurationName = Release;
		};
		1393E76126B98ECB008A1E32 /* Build configuration list for PBXNativeTarget "GitHub_Wave4_Lesson" */ = {
			isa = XCConfigurationList;
			buildConfigurations = (
				1393E76226B98ECB008A1E32 /* Debug */,
				1393E76326B98ECB008A1E32 /* Release */,
			);
			defaultConfigurationIsVisible = 0;
			defaultConfigurationName = Release;
		};
		1393E76426B98ECB008A1E32 /* Build configuration list for PBXNativeTarget "GitHub_Wave4_LessonTests" */ = {
			isa = XCConfigurationList;
			buildConfigurations = (
				1393E76526B98ECB008A1E32 /* Debug */,
				1393E76626B98ECB008A1E32 /* Release */,
			);
			defaultConfigurationIsVisible = 0;
			defaultConfigurationName = Release;
		};
		1393E76726B98ECB008A1E32 /* Build configuration list for PBXNativeTarget "GitHub_Wave4_LessonUITests" */ = {
			isa = XCConfigurationList;
			buildConfigurations = (
				1393E76826B98ECB008A1E32 /* Debug */,
				1393E76926B98ECB008A1E32 /* Release */,
			);
			defaultConfigurationIsVisible = 0;
			defaultConfigurationName = Release;
		};
/* End XCConfigurationList section */

/* Begin XCVersionGroup section */
		1393E74026B98EC3008A1E32 /* GitHub_Wave4_Lesson.xcdatamodeld */ = {
			isa = XCVersionGroup;
			children = (
				1393E74126B98EC3008A1E32 /* GitHub_Wave4_Lesson.xcdatamodel */,
			);
			currentVersion = 1393E74126B98EC3008A1E32 /* GitHub_Wave4_Lesson.xcdatamodel */;
			path = GitHub_Wave4_Lesson.xcdatamodeld;
			sourceTree = "<group>";
			versionGroupType = wrapper.xcdatamodel;
		};
/* End XCVersionGroup section */
	};
	rootObject = 1393E72C26B98EC3008A1E32 /* Project object */;
}
